{
  "name": "girls-in-science",
  "lockfileVersion": 3,
  "requires": true,
  "packages": {
    "": {
      "dependencies": {
        "@vueform/multiselect": "^2.6.11"
      }
    },
    "node_modules/@vueform/multiselect": {
      "version": "2.6.11",
      "resolved": "https://registry.npmjs.org/@vueform/multiselect/-/multiselect-2.6.11.tgz",
      "integrity": "sha512-iG4TGfqE3baftbSGF0PhoS+xZOCnV0ChkDo9rwhJ/Qi2YlCdb6tyQCjvyug3jnzncga8+d85kx0WvG7rDYFqiA=="
    }
  }
}
