{
  "name": "girls-in-science",
  "lockfileVersion": 3,
  "requires": true,
  "packages": {
    "": {
      "dependencies": {
        "@vueform/multiselect": "^2.6.11",
        "canvas-confetti": "^1.9.4",
        "sweetalert2": "^11.26.24"
      }
    },
    "node_modules/@vueform/multiselect": {
      "version": "2.6.11",
      "resolved": "https://registry.npmjs.org/@vueform/multiselect/-/multiselect-2.6.11.tgz",
      "integrity": "sha512-iG4TGfqE3baftbSGF0PhoS+xZOCnV0ChkDo9rwhJ/Qi2YlCdb6tyQCjvyug3jnzncga8+d85kx0WvG7rDYFqiA==",
      "license": "MIT"
    },
    "node_modules/canvas-confetti": {
      "version": "1.9.4",
      "resolved": "https://registry.npmjs.org/canvas-confetti/-/canvas-confetti-1.9.4.tgz",
      "integrity": "sha512-yxQbJkAVrFXWNbTUjPqjF7G+g6pDotOUHGbkZq2NELZUMDpiJ85rIEazVb8GTaAptNW2miJAXbs1BtioA251Pw==",
      "license": "ISC",
      "funding": {
        "type": "donate",
        "url": "https://www.paypal.me/kirilvatev"
      }
    },
    "node_modules/sweetalert2": {
      "version": "11.26.25",
      "resolved": "https://registry.npmjs.org/sweetalert2/-/sweetalert2-11.26.25.tgz",
      "integrity": "sha512-+hunCOJdJ6FLj04T9YSLvvZXRjsvIkTeTKP2e4VF8CaBias961BTnWiSFAy7F/CM5eq3QK2Rraoc5Gzftslvkg==",
      "license": "MIT",
      "funding": {
        "type": "individual",
        "url": "https://github.com/sponsors/limonte"
      }
    }
  }
}
